
Microsoft Visual Studio Solution File, Format Version 12.00
# Visual Studio 15
VisualStudioVersion = 15.0.28307.421
MinimumVisualStudioVersion = 10.0.40219.1
Project("{9A19103F-16F7-4668-BE54-9A1E7A4F7556}") = "CloudBuild.API", "src\CloudBuild.API\CloudBuild.API.csproj", "{F755BAB1-2328-4B73-BB94-D96433B6B5B5}"
EndProject
Project("{2150E333-8FDC-42A3-9474-1A3956D46DE8}") = "src", "src", "{4F886034-3513-4E2B-B18F-D59DEAE5958F}"
EndProject
Project("{2150E333-8FDC-42A3-9474-1A3956D46DE8}") = "test", "test", "{8E874073-BEE3-4677-8E61-98A4EF117900}"
EndProject
Project("{9A19103F-16F7-4668-BE54-9A1E7A4F7556}") = "CloudBuild.Service", "src\CloudBuild.Service\CloudBuild.Service.csproj", "{B3FEBB83-F36A-4DB2-8C4A-D917B34C7E82}"
EndProject
Project("{2150E333-8FDC-42A3-9474-1A3956D46DE8}") = "UnitTest", "UnitTest", "{ADF779EB-274F-4B25-8835-2F156FBA07CB}"
EndProject
Project("{2150E333-8FDC-42A3-9474-1A3956D46DE8}") = "IntegrationTest", "IntegrationTest", "{51B0FFFF-8B79-41B3-9EE0-AA6DF04C0B46}"
EndProject
Project("{9A19103F-16F7-4668-BE54-9A1E7A4F7556}") = "CloudBuild.API.IntegrationTest", "test\IntegrationTest\CloudBuild.API.IntegrationTest\CloudBuild.API.IntegrationTest.csproj", "{32772939-7503-41D0-A40C-B46596719147}"
EndProject
Project("{9A19103F-16F7-4668-BE54-9A1E7A4F7556}") = "CloudBuild.Service.Test", "test\UnitTest\CloudBuild.Service.Test\CloudBuild.Service.Test.csproj", "{AC46202B-125E-4DA5-8C95-7793594E4B48}"
EndProject
Project("{2150E333-8FDC-42A3-9474-1A3956D46DE8}") = "Solution Items", "Solution Items", "{06907B8B-973B-452C-8AB8-87097B72CD64}"
	ProjectSection(SolutionItems) = preProject
		cloudbuild.yaml = cloudbuild.yaml
	EndProjectSection
EndProject
Global
	GlobalSection(SolutionConfigurationPlatforms) = preSolution
		Debug|Any CPU = Debug|Any CPU
		Release|Any CPU = Release|Any CPU
	EndGlobalSection
	GlobalSection(ProjectConfigurationPlatforms) = postSolution
		{F755BAB1-2328-4B73-BB94-D96433B6B5B5}.Debug|Any CPU.ActiveCfg = Debug|Any CPU
		{F755BAB1-2328-4B73-BB94-D96433B6B5B5}.Debug|Any CPU.Build.0 = Debug|Any CPU
		{F755BAB1-2328-4B73-BB94-D96433B6B5B5}.Release|Any CPU.ActiveCfg = Release|Any CPU
		{F755BAB1-2328-4B73-BB94-D96433B6B5B5}.Release|Any CPU.Build.0 = Release|Any CPU
		{B3FEBB83-F36A-4DB2-8C4A-D917B34C7E82}.Debug|Any CPU.ActiveCfg = Debug|Any CPU
		{B3FEBB83-F36A-4DB2-8C4A-D917B34C7E82}.Debug|Any CPU.Build.0 = Debug|Any CPU
		{B3FEBB83-F36A-4DB2-8C4A-D917B34C7E82}.Release|Any CPU.ActiveCfg = Release|Any CPU
		{B3FEBB83-F36A-4DB2-8C4A-D917B34C7E82}.Release|Any CPU.Build.0 = Release|Any CPU
		{32772939-7503-41D0-A40C-B46596719147}.Debug|Any CPU.ActiveCfg = Debug|Any CPU
		{32772939-7503-41D0-A40C-B46596719147}.Debug|Any CPU.Build.0 = Debug|Any CPU
		{32772939-7503-41D0-A40C-B46596719147}.Release|Any CPU.ActiveCfg = Release|Any CPU
		{32772939-7503-41D0-A40C-B46596719147}.Release|Any CPU.Build.0 = Release|Any CPU
		{AC46202B-125E-4DA5-8C95-7793594E4B48}.Debug|Any CPU.ActiveCfg = Debug|Any CPU
		{AC46202B-125E-4DA5-8C95-7793594E4B48}.Debug|Any CPU.Build.0 = Debug|Any CPU
		{AC46202B-125E-4DA5-8C95-7793594E4B48}.Release|Any CPU.ActiveCfg = Release|Any CPU
		{AC46202B-125E-4DA5-8C95-7793594E4B48}.Release|Any CPU.Build.0 = Release|Any CPU
	EndGlobalSection
	GlobalSection(SolutionProperties) = preSolution
		HideSolutionNode = FALSE
	EndGlobalSection
	GlobalSection(NestedProjects) = preSolution
		{F755BAB1-2328-4B73-BB94-D96433B6B5B5} = {4F886034-3513-4E2B-B18F-D59DEAE5958F}
		{B3FEBB83-F36A-4DB2-8C4A-D917B34C7E82} = {4F886034-3513-4E2B-B18F-D59DEAE5958F}
		{ADF779EB-274F-4B25-8835-2F156FBA07CB} = {8E874073-BEE3-4677-8E61-98A4EF117900}
		{51B0FFFF-8B79-41B3-9EE0-AA6DF04C0B46} = {8E874073-BEE3-4677-8E61-98A4EF117900}
		{32772939-7503-41D0-A40C-B46596719147} = {51B0FFFF-8B79-41B3-9EE0-AA6DF04C0B46}
		{AC46202B-125E-4DA5-8C95-7793594E4B48} = {ADF779EB-274F-4B25-8835-2F156FBA07CB}
	EndGlobalSection
	GlobalSection(ExtensibilityGlobals) = postSolution
		SolutionGuid = {16DA0AC4-1AEF-4AEA-BD98-60AF52FFBF64}
	EndGlobalSection
EndGlobal
